{
  "R": {
    "Version": "4.4.0",
    "Repositories": [
      {
        "Name": "CRAN",
        "URL": "https://cloud.r-project.org"
      }
    ]
  },
  "Packages": {
    "renv": {
      "Package": "renv",
      "Version": "1.0.7",
      "Source": "Repository",
      "Repository": "CRAN",
      "Hash": "397b7b2a265bc5a7a06852524dabae20"
    },
    "IRkernel": {
      "Package": "IRkernel",
      "Version": "1.3.2",
      "Source": "Repository",
      "Repository": "CRAN",
      "Hash": "5cabee2b6c64f7726c5b7b8b0efcdf59"
    },
    "reticulate": {
      "Package": "reticulate",
      "Version": "1.37.0",
      "Source": "Repository",
      "Repository": "CRAN",
      "Hash": "9bb57e3c3b9cfaf30bc5fd3de5869068"
    },
    "ggplot2": {
      "Package": "ggplot2",
      "Version": "3.5.1",
      "Source": "Repository",
      "Repository": "CRAN",
      "Hash": "44c6a2f8202d5b7e3ea580bc184ab698"
    },
    "dplyr": {
      "Package": "dplyr",
      "Version": "1.1.4",
      "Source": "Repository",
      "Repository": "CRAN",
      "Hash": "fedd9d00c2944ff00a0e2696ccf048ec"
    },
    "tidyr": {
      "Package": "tidyr",
      "Version": "1.3.1",
      "Source": "Repository",
      "Repository": "CRAN",
      "Hash": "baa4c96b98b41bcd0b6b8a82baf1c9c9"
    },
    "broom": {
      "Package": "broom",
      "Version": "1.0.6",
      "Source": "Repository",
      "Repository": "CRAN",
      "Hash": "9a069a4e4c8c6fd5f58df2fb4e65a93e"
    }
  }
}
